
Microsoft Visual Studio Solution File, Format Version 12.00
# Visual Studio Version 17
VisualStudioVersion = 17.5.33502.453
MinimumVisualStudioVersion = 10.0.40219.1
Project("{FAE04EC0-301F-11D3-BF4B-00C04F79EFBC}") = "Reflection", "Reflection.csproj", "{2197B188-0136-4614-A2D3-B2DE0761892C}"
EndProject
Global
	GlobalSection(SolutionConfigurationPlatforms) = preSolution
		Debug|Any CPU = Debug|Any CPU
		Release|Any CPU = Release|Any CPU
	EndGlobalSection
	GlobalSection(ProjectConfigurationPlatforms) = postSolution
		{2197B188-0136-4614-A2D3-B2DE0761892C}.Debug|Any CPU.ActiveCfg = Debug|Any CPU
		{2197B188-0136-4614-A2D3-B2DE0761892C}.Debug|Any CPU.Build.0 = Debug|Any CPU
		{2197B188-0136-4614-A2D3-B2DE0761892C}.Release|Any CPU.ActiveCfg = Release|Any CPU
		{2197B188-0136-4614-A2D3-B2DE0761892C}.Release|Any CPU.Build.0 = Release|Any CPU
	EndGlobalSection
	GlobalSection(SolutionProperties) = preSolution
		HideSolutionNode = FALSE
	EndGlobalSection
	GlobalSection(ExtensibilityGlobals) = postSolution
		SolutionGuid = {98446242-04D5-4866-AD87-C904B109439F}
	EndGlobalSection
EndGlobal
